
Microsoft Visual Studio Solution File, Format Version 12.00
# Visual Studio 2013
VisualStudioVersion = 12.0.21005.1
MinimumVisualStudioVersion = 10.0.40219.1
Project("{FAE04EC0-301F-11D3-BF4B-00C04F79EFBC}") = "MongoNotes", "MongoNotes\MongoNotes.csproj", "{826973C3-537E-4828-A050-3B9F0B39F73C}"
EndProject
Project("{FAE04EC0-301F-11D3-BF4B-00C04F79EFBC}") = "MongoNotes.Tests", "MongoNotes.Tests\MongoNotes.Tests.csproj", "{88CD7AE4-9691-441F-9347-F5C9491D0DB2}"
EndProject
Global
	GlobalSection(SolutionConfigurationPlatforms) = preSolution
		Debug|Any CPU = Debug|Any CPU
		Release|Any CPU = Release|Any CPU
	EndGlobalSection
	GlobalSection(ProjectConfigurationPlatforms) = postSolution
		{826973C3-537E-4828-A050-3B9F0B39F73C}.Debug|Any CPU.ActiveCfg = Debug|Any CPU
		{826973C3-537E-4828-A050-3B9F0B39F73C}.Debug|Any CPU.Build.0 = Debug|Any CPU
		{826973C3-537E-4828-A050-3B9F0B39F73C}.Release|Any CPU.ActiveCfg = Release|Any CPU
		{826973C3-537E-4828-A050-3B9F0B39F73C}.Release|Any CPU.Build.0 = Release|Any CPU
		{88CD7AE4-9691-441F-9347-F5C9491D0DB2}.Debug|Any CPU.ActiveCfg = Debug|Any CPU
		{88CD7AE4-9691-441F-9347-F5C9491D0DB2}.Debug|Any CPU.Build.0 = Debug|Any CPU
		{88CD7AE4-9691-441F-9347-F5C9491D0DB2}.Release|Any CPU.ActiveCfg = Release|Any CPU
		{88CD7AE4-9691-441F-9347-F5C9491D0DB2}.Release|Any CPU.Build.0 = Release|Any CPU
	EndGlobalSection
	GlobalSection(SolutionProperties) = preSolution
		HideSolutionNode = FALSE
	EndGlobalSection
EndGlobal
